// !$*UTF8*$!
{
	archiveVersion = 1;
	classes = {
	};
	objectVersion = 46;
	objects = {

/* Begin PBXBuildFile section */
		140B449217A6C13D004AE462 /* InfoPlist.strings in Resources */ = {isa = PBXBuildFile; fileRef = 140B449017A6C13D004AE462 /* InfoPlist.strings */; };
		140B45CD17A6C17E004AE462 /* ext.hpp in Headers */ = {isa = PBXBuildFile; fileRef = 140B44EA17A6C17E004AE462 /* ext.hpp */; settings = {ATTRIBUTES = (Public, ); }; };
		140B45CE17A6C17E004AE462 /* glm.hpp in Headers */ = {isa = PBXBuildFile; fileRef = 140B44EB17A6C17E004AE462 /* glm.hpp */; settings = {ATTRIBUTES = (Public, ); }; };
		14A8CCD617A74584001CC65F /* core in Resources */ = {isa = PBXBuildFile; fileRef = 14A8CCD517A74584001CC65F /* core */; };
		14A8CCDA17A7458F001CC65F /* gtc in Resources */ = {isa = PBXBuildFile; fileRef = 14A8CCD717A7458F001CC65F /* gtc */; };
		14A8CCDB17A7458F001CC65F /* gtx in Resources */ = {isa = PBXBuildFile; fileRef = 14A8CCD817A7458F001CC65F /* gtx */; };
		14A8CCDC17A7458F001CC65F /* virtrev in Resources */ = {isa = PBXBuildFile; fileRef = 14A8CCD917A7458F001CC65F /* virtrev */; };
		14A8CCDD17A7459D001CC65F /* gtc in Headers */ = {isa = PBXBuildFile; fileRef = 14A8CCD717A7458F001CC65F /* gtc */; settings = {ATTRIBUTES = (Public, ); }; };
		14A8CCDE17A7459D001CC65F /* gtx in Headers */ = {isa = PBXBuildFile; fileRef = 14A8CCD817A7458F001CC65F /* gtx */; settings = {ATTRIBUTES = (Public, ); }; };
		14A8CCDF17A7459D001CC65F /* virtrev in Headers */ = {isa = PBXBuildFile; fileRef = 14A8CCD917A7458F001CC65F /* virtrev */; settings = {ATTRIBUTES = (Public, ); }; };
		14A8CCE017A7459D001CC65F /* core in Headers */ = {isa = PBXBuildFile; fileRef = 14A8CCD517A74584001CC65F /* core */; settings = {ATTRIBUTES = (Public, ); }; };
		14A8CCF317A74848001CC65F /* dummy.c in Sources */ = {isa = PBXBuildFile; fileRef = 14A8CCF217A74848001CC65F /* dummy.c */; };
/* End PBXBuildFile section */

/* Begin PBXFileReference section */
		140B448417A6C13D004AE462 /* glm.framework */ = {isa = PBXFileReference; explicitFileType = wrapper.framework; includeInIndex = 0; path = glm.framework; sourceTree = BUILT_PRODUCTS_DIR; };
		140B448F17A6C13D004AE462 /* glm-Info.plist */ = {isa = PBXFileReference; lastKnownFileType = text.plist.xml; path = "glm-Info.plist"; sourceTree = "<group>"; };
		140B449117A6C13D004AE462 /* en */ = {isa = PBXFileReference; lastKnownFileType = text.plist.strings; name = en; path = en.lproj/InfoPlist.strings; sourceTree = "<group>"; };
		140B449317A6C13D004AE462 /* glm-Prefix.pch */ = {isa = PBXFileReference; lastKnownFileType = sourcecode.c.h; path = "glm-Prefix.pch"; sourceTree = "<group>"; };
		140B44EA17A6C17E004AE462 /* ext.hpp */ = {isa = PBXFileReference; fileEncoding = 4; lastKnownFileType = sourcecode.cpp.h; path = ext.hpp; sourceTree = "<group>"; };
		140B44EB17A6C17E004AE462 /* glm.hpp */ = {isa = PBXFileReference; fileEncoding = 4; lastKnownFileType = sourcecode.cpp.h; path = glm.hpp; sourceTree = "<group>"; };
		14A8CCD517A74584001CC65F /* core */ = {isa = PBXFileReference; lastKnownFileType = folder; path = core; sourceTree = "<group>"; };
		14A8CCD717A7458F001CC65F /* gtc */ = {isa = PBXFileReference; lastKnownFileType = folder; path = gtc; sourceTree = "<group>"; };
		14A8CCD817A7458F001CC65F /* gtx */ = {isa = PBXFileReference; lastKnownFileType = folder; path = gtx; sourceTree = "<group>"; };
		14A8CCD917A7458F001CC65F /* virtrev */ = {isa = PBXFileReference; lastKnownFileType = folder; path = virtrev; sourceTree = "<group>"; };
		14A8CCF217A74848001CC65F /* dummy.c */ = {isa = PBXFileReference; fileEncoding = 4; lastKnownFileType = sourcecode.c.c; path = dummy.c; sourceTree = "<group>"; };
/* End PBXFileReference section */

/* Begin PBXFrameworksBuildPhase section */
		140B448017A6C13D004AE462 /* Frameworks */ = {
			isa = PBXFrameworksBuildPhase;
			buildActionMask = 2147483647;
			files = (
			);
			runOnlyForDeploymentPostprocessing = 0;
		};
/* End PBXFrameworksBuildPhase section */

/* Begin PBXGroup section */
		140B447A17A6C13D004AE462 = {
			isa = PBXGroup;
			children = (
				140B448D17A6C13D004AE462 /* glm */,
				140B448617A6C13D004AE462 /* Frameworks */,
				140B448517A6C13D004AE462 /* Products */,
			);
			sourceTree = "<group>";
		};
		140B448517A6C13D004AE462 /* Products */ = {
			isa = PBXGroup;
			children = (
				140B448417A6C13D004AE462 /* glm.framework */,
			);
			name = Products;
			sourceTree = "<group>";
		};
		140B448617A6C13D004AE462 /* Frameworks */ = {
			isa = PBXGroup;
			children = (
			);
			name = Frameworks;
			sourceTree = "<group>";
		};
		140B448D17A6C13D004AE462 /* glm */ = {
			isa = PBXGroup;
			children = (
				140B449C17A6C170004AE462 /* glm */,
				140B448E17A6C13D004AE462 /* Supporting Files */,
				14A8CCF217A74848001CC65F /* dummy.c */,
			);
			path = glm;
			sourceTree = "<group>";
		};
		140B448E17A6C13D004AE462 /* Supporting Files */ = {
			isa = PBXGroup;
			children = (
				140B448F17A6C13D004AE462 /* glm-Info.plist */,
				140B449017A6C13D004AE462 /* InfoPlist.strings */,
				140B449317A6C13D004AE462 /* glm-Prefix.pch */,
			);
			name = "Supporting Files";
			sourceTree = "<group>";
		};
		140B449C17A6C170004AE462 /* glm */ = {
			isa = PBXGroup;
			children = (
				14A8CCD717A7458F001CC65F /* gtc */,
				14A8CCD817A7458F001CC65F /* gtx */,
				14A8CCD917A7458F001CC65F /* virtrev */,
				14A8CCD517A74584001CC65F /* core */,
				140B44EA17A6C17E004AE462 /* ext.hpp */,
				140B44EB17A6C17E004AE462 /* glm.hpp */,
			);
			name = glm;
			path = ../../../glm;
			sourceTree = "<group>";
		};
/* End PBXGroup section */

/* Begin PBXHeadersBuildPhase section */
		140B448117A6C13D004AE462 /* Headers */ = {
			isa = PBXHeadersBuildPhase;
			buildActionMask = 2147483647;
			files = (
				140B45CD17A6C17E004AE462 /* ext.hpp in Headers */,
				140B45CE17A6C17E004AE462 /* glm.hpp in Headers */,
				14A8CCDD17A7459D001CC65F /* gtc in Headers */,
				14A8CCDE17A7459D001CC65F /* gtx in Headers */,
				14A8CCDF17A7459D001CC65F /* virtrev in Headers */,
				14A8CCE017A7459D001CC65F /* core in Headers */,
			);
			runOnlyForDeploymentPostprocessing = 0;
		};
/* End PBXHeadersBuildPhase section */

/* Begin PBXNativeTarget section */
		140B448317A6C13D004AE462 /* glm */ = {
			isa = PBXNativeTarget;
			buildConfigurationList = 140B449917A6C13D004AE462 /* Build configuration list for PBXNativeTarget "glm" */;
			buildPhases = (
				140B447F17A6C13D004AE462 /* Sources */,
				140B448017A6C13D004AE462 /* Frameworks */,
				140B448117A6C13D004AE462 /* Headers */,
				140B448217A6C13D004AE462 /* Resources */,
			);
			buildRules = (
			);
			dependencies = (
			);
			name = glm;
			productName = glm;
			productReference = 140B448417A6C13D004AE462 /* glm.framework */;
			productType = "com.apple.product-type.framework";
		};
/* End PBXNativeTarget section */

/* Begin PBXProject section */
		140B447B17A6C13D004AE462 /* Project object */ = {
			isa = PBXProject;
			attributes = {
				LastUpgradeCheck = 0460;
				ORGANIZATIONNAME = "Mutant Eel";
			};
			buildConfigurationList = 140B447E17A6C13D004AE462 /* Build configuration list for PBXProject "glm" */;
			compatibilityVersion = "Xcode 3.2";
			developmentRegion = English;
			hasScannedForEncodings = 0;
			knownRegions = (
				en,
			);
			mainGroup = 140B447A17A6C13D004AE462;
			productRefGroup = 140B448517A6C13D004AE462 /* Products */;
			projectDirPath = "";
			projectRoot = "";
			targets = (
				140B448317A6C13D004AE462 /* glm */,
			);
		};
/* End PBXProject section */

/* Begin PBXResourcesBuildPhase section */
		140B448217A6C13D004AE462 /* Resources */ = {
			isa = PBXResourcesBuildPhase;
			buildActionMask = 2147483647;
			files = (
				140B449217A6C13D004AE462 /* InfoPlist.strings in Resources */,
				14A8CCD617A74584001CC65F /* core in Resources */,
				14A8CCDA17A7458F001CC65F /* gtc in Resources */,
				14A8CCDB17A7458F001CC65F /* gtx in Resources */,
				14A8CCDC17A7458F001CC65F /* virtrev in Resources */,
			);
			runOnlyForDeploymentPostprocessing = 0;
		};
/* End PBXResourcesBuildPhase section */

/* Begin PBXSourcesBuildPhase section */
		140B447F17A6C13D004AE462 /* Sources */ = {
			isa = PBXSourcesBuildPhase;
			buildActionMask = 2147483647;
			files = (
				14A8CCF317A74848001CC65F /* dummy.c in Sources */,
			);
			runOnlyForDeploymentPostprocessing = 0;
		};
/* End PBXSourcesBuildPhase section */

/* Begin PBXVariantGroup section */
		140B449017A6C13D004AE462 /* InfoPlist.strings */ = {
			isa = PBXVariantGroup;
			children = (
				140B449117A6C13D004AE462 /* en */,
			);
			name = InfoPlist.strings;
			sourceTree = "<group>";
		};
/* End PBXVariantGroup section */

/* Begin XCBuildConfiguration section */
		140B449717A6C13D004AE462 /* Debug */ = {
			isa = XCBuildConfiguration;
			buildSettings = {
				ALWAYS_SEARCH_USER_PATHS = NO;
				ARCHS = "$(ARCHS_STANDARD_64_BIT)";
				CLANG_CXX_LANGUAGE_STANDARD = "gnu++0x";
				CLANG_CXX_LIBRARY = "libc++";
				CLANG_WARN_CONSTANT_CONVERSION = YES;
				CLANG_WARN_EMPTY_BODY = YES;
				CLANG_WARN_ENUM_CONVERSION = YES;
				CLANG_WARN_INT_CONVERSION = YES;
				CLANG_WARN__DUPLICATE_METHOD_MATCH = YES;
				COPY_PHASE_STRIP = NO;
				GCC_C_LANGUAGE_STANDARD = gnu99;
				GCC_DYNAMIC_NO_PIC = NO;
				GCC_ENABLE_OBJC_EXCEPTIONS = YES;
				GCC_OPTIMIZATION_LEVEL = 0;
				GCC_PREPROCESSOR_DEFINITIONS = (
					"DEBUG=1",
					"$(inherited)",
				);
				GCC_SYMBOLS_PRIVATE_EXTERN = NO;
				GCC_WARN_64_TO_32_BIT_CONVERSION = YES;
				GCC_WARN_ABOUT_RETURN_TYPE = YES;
				GCC_WARN_UNINITIALIZED_AUTOS = YES;
				GCC_WARN_UNUSED_VARIABLE = YES;
				MACOSX_DEPLOYMENT_TARGET = 10.8;
				ONLY_ACTIVE_ARCH = YES;
				SDKROOT = macosx;
			};
			name = Debug;
		};
		140B449817A6C13D004AE462 /* Release */ = {
			isa = XCBuildConfiguration;
			buildSettings = {
				ALWAYS_SEARCH_USER_PATHS = NO;
				ARCHS = "$(ARCHS_STANDARD_64_BIT)";
				CLANG_CXX_LANGUAGE_STANDARD = "gnu++0x";
				CLANG_CXX_LIBRARY = "libc++";
				CLANG_WARN_CONSTANT_CONVERSION = YES;
				CLANG_WARN_EMPTY_BODY = YES;
				CLANG_WARN_ENUM_CONVERSION = YES;
				CLANG_WARN_INT_CONVERSION = YES;
				CLANG_WARN__DUPLICATE_METHOD_MATCH = YES;
				COPY_PHASE_STRIP = YES;
				DEBUG_INFORMATION_FORMAT = "dwarf-with-dsym";
				GCC_C_LANGUAGE_STANDARD = gnu99;
				GCC_ENABLE_OBJC_EXCEPTIONS = YES;
				GCC_WARN_64_TO_32_BIT_CONVERSION = YES;
				GCC_WARN_ABOUT_RETURN_TYPE = YES;
				GCC_WARN_UNINITIALIZED_AUTOS = YES;
				GCC_WARN_UNUSED_VARIABLE = YES;
				MACOSX_DEPLOYMENT_TARGET = 10.8;
				SDKROOT = macosx;
			};
			name = Release;
		};
		140B449A17A6C13D004AE462 /* Debug */ = {
			isa = XCBuildConfiguration;
			buildSettings = {
				COMBINE_HIDPI_IMAGES = YES;
				DYLIB_COMPATIBILITY_VERSION = 1;
				DYLIB_CURRENT_VERSION = 1;
				FRAMEWORK_VERSION = A;
				GCC_PRECOMPILE_PREFIX_HEADER = YES;
				GCC_PREFIX_HEADER = "glm/glm-Prefix.pch";
				INFOPLIST_FILE = "glm/glm-Info.plist";
				PRODUCT_NAME = "$(TARGET_NAME)";
				WRAPPER_EXTENSION = framework;
			};
			name = Debug;
		};
		140B449B17A6C13D004AE462 /* Release */ = {
			isa = XCBuildConfiguration;
			buildSettings = {
				COMBINE_HIDPI_IMAGES = YES;
				DYLIB_COMPATIBILITY_VERSION = 1;
				DYLIB_CURRENT_VERSION = 1;
				FRAMEWORK_VERSION = A;
				GCC_PRECOMPILE_PREFIX_HEADER = YES;
				GCC_PREFIX_HEADER = "glm/glm-Prefix.pch";
				INFOPLIST_FILE = "glm/glm-Info.plist";
				PRODUCT_NAME = "$(TARGET_NAME)";
				WRAPPER_EXTENSION = framework;
			};
			name = Release;
		};
/* End XCBuildConfiguration section */

/* Begin XCConfigurationList section */
		140B447E17A6C13D004AE462 /* Build configuration list for PBXProject "glm" */ = {
			isa = XCConfigurationList;
			buildConfigurations = (
				140B449717A6C13D004AE462 /* Debug */,
				140B449817A6C13D004AE462 /* Release */,
			);
			defaultConfigurationIsVisible = 0;
			defaultConfigurationName = Release;
		};
		140B449917A6C13D004AE462 /* Build configuration list for PBXNativeTarget "glm" */ = {
			isa = XCConfigurationList;
			buildConfigurations = (
				140B449A17A6C13D004AE462 /* Debug */,
				140B449B17A6C13D004AE462 /* Release */,
			);
			defaultConfigurationIsVisible = 0;
			defaultConfigurationName = Release;
		};
/* End XCConfigurationList section */
	};
	rootObject = 140B447B17A6C13D004AE462 /* Project object */;
}
